
Microsoft Visual Studio Solution File, Format Version 12.00
# Visual Studio Version 17
VisualStudioVersion = 17.1.32421.90
MinimumVisualStudioVersion = 10.0.40219.1
Project("{FAE04EC0-301F-11D3-BF4B-00C04F79EFBC}") = "Bigschool_DinhTrongSu", "Bigschool_DinhTrongSu\Bigschool_DinhTrongSu.csproj", "{36965F02-76AE-4DE2-BAD1-1CCEF745DFC0}"
EndProject
Global
	GlobalSection(SolutionConfigurationPlatforms) = preSolution
		Debug|Any CPU = Debug|Any CPU
		Release|Any CPU = Release|Any CPU
	EndGlobalSection
	GlobalSection(ProjectConfigurationPlatforms) = postSolution
		{36965F02-76AE-4DE2-BAD1-1CCEF745DFC0}.Debug|Any CPU.ActiveCfg = Debug|Any CPU
		{36965F02-76AE-4DE2-BAD1-1CCEF745DFC0}.Debug|Any CPU.Build.0 = Debug|Any CPU
		{36965F02-76AE-4DE2-BAD1-1CCEF745DFC0}.Release|Any CPU.ActiveCfg = Release|Any CPU
		{36965F02-76AE-4DE2-BAD1-1CCEF745DFC0}.Release|Any CPU.Build.0 = Release|Any CPU
	EndGlobalSection
	GlobalSection(SolutionProperties) = preSolution
		HideSolutionNode = FALSE
	EndGlobalSection
	GlobalSection(ExtensibilityGlobals) = postSolution
		SolutionGuid = {B1373661-3249-4D1A-A2CD-7CCFE8562D48}
	EndGlobalSection
EndGlobal
